
Microsoft Visual Studio Solution File, Format Version 12.00
# Visual Studio Version 17
VisualStudioVersion = 17.5.33516.290
MinimumVisualStudioVersion = 10.0.40219.1
Project("{FAE04EC0-301F-11D3-BF4B-00C04F79EFBC}") = "Xboard.Xunit", "Xboard.Xunit\Xboard.Xunit.csproj", "{5A2E8254-44F0-4DB9-A7F0-A8A67B05B773}"
EndProject
Project("{2150E333-8FDC-42A3-9474-1A3956D46DE8}") = "Xboard.Tests", "Xboard.Tests", "{02EA681E-C7D8-13C7-8484-4AC65E1B71E8}"
EndProject
Project("{FAE04EC0-301F-11D3-BF4B-00C04F79EFBC}") = "Xboard.Tests.Framework", "Xboard.Tests.Framework\Xboard.Tests.Framework.csproj", "{EE18B2BC-96AA-CA4B-0986-E6A365CF5F79}"
EndProject
Project("{FAE04EC0-301F-11D3-BF4B-00C04F79EFBC}") = "Xboard.Abstractions", "Xboard.Abstractions\Xboard.Abstractions.csproj", "{F5B8948C-CA7F-1F19-36B9-52FD17F156B7}"
EndProject
Global
	GlobalSection(SolutionConfigurationPlatforms) = preSolution
		Debug|Any CPU = Debug|Any CPU
		Release|Any CPU = Release|Any CPU
	EndGlobalSection
	GlobalSection(ProjectConfigurationPlatforms) = postSolution
		{5A2E8254-44F0-4DB9-A7F0-A8A67B05B773}.Debug|Any CPU.ActiveCfg = Debug|Any CPU
		{5A2E8254-44F0-4DB9-A7F0-A8A67B05B773}.Debug|Any CPU.Build.0 = Debug|Any CPU
		{5A2E8254-44F0-4DB9-A7F0-A8A67B05B773}.Release|Any CPU.ActiveCfg = Release|Any CPU
		{5A2E8254-44F0-4DB9-A7F0-A8A67B05B773}.Release|Any CPU.Build.0 = Release|Any CPU
		{EE18B2BC-96AA-CA4B-0986-E6A365CF5F79}.Debug|Any CPU.ActiveCfg = Debug|Any CPU
		{EE18B2BC-96AA-CA4B-0986-E6A365CF5F79}.Debug|Any CPU.Build.0 = Debug|Any CPU
		{EE18B2BC-96AA-CA4B-0986-E6A365CF5F79}.Release|Any CPU.ActiveCfg = Release|Any CPU
		{EE18B2BC-96AA-CA4B-0986-E6A365CF5F79}.Release|Any CPU.Build.0 = Release|Any CPU
		{F5B8948C-CA7F-1F19-36B9-52FD17F156B7}.Debug|Any CPU.ActiveCfg = Debug|Any CPU
		{F5B8948C-CA7F-1F19-36B9-52FD17F156B7}.Debug|Any CPU.Build.0 = Debug|Any CPU
		{F5B8948C-CA7F-1F19-36B9-52FD17F156B7}.Release|Any CPU.ActiveCfg = Release|Any CPU
		{F5B8948C-CA7F-1F19-36B9-52FD17F156B7}.Release|Any CPU.Build.0 = Release|Any CPU
	EndGlobalSection
	GlobalSection(SolutionProperties) = preSolution
		HideSolutionNode = FALSE
	EndGlobalSection
	GlobalSection(NestedProjects) = preSolution
		{EE18B2BC-96AA-CA4B-0986-E6A365CF5F79} = {02EA681E-C7D8-13C7-8484-4AC65E1B71E8}
	EndGlobalSection
	GlobalSection(ExtensibilityGlobals) = postSolution
		SolutionGuid = {B4BDD7F6-F320-415E-BC5D-D27FA0D27A63}
	EndGlobalSection
EndGlobal
